
Microsoft Visual Studio Solution File, Format Version 12.00
# Visual Studio Version 17
VisualStudioVersion = 17.5.33627.172
MinimumVisualStudioVersion = 10.0.40219.1
Project("{FAE04EC0-301F-11D3-BF4B-00C04F79EFBC}") = "MortalSinCord", "MortalSinCord.csproj", "{9AC4A59A-53A4-4952-9387-E11EE7F3F474}"
EndProject
Global
	GlobalSection(SolutionConfigurationPlatforms) = preSolution
		Debug|Any CPU = Debug|Any CPU
		Release|Any CPU = Release|Any CPU
	EndGlobalSection
	GlobalSection(ProjectConfigurationPlatforms) = postSolution
		{9AC4A59A-53A4-4952-9387-E11EE7F3F474}.Debug|Any CPU.ActiveCfg = Debug|Any CPU
		{9AC4A59A-53A4-4952-9387-E11EE7F3F474}.Debug|Any CPU.Build.0 = Debug|Any CPU
		{9AC4A59A-53A4-4952-9387-E11EE7F3F474}.Release|Any CPU.ActiveCfg = Release|Any CPU
		{9AC4A59A-53A4-4952-9387-E11EE7F3F474}.Release|Any CPU.Build.0 = Release|Any CPU
	EndGlobalSection
	GlobalSection(SolutionProperties) = preSolution
		HideSolutionNode = FALSE
	EndGlobalSection
	GlobalSection(ExtensibilityGlobals) = postSolution
		SolutionGuid = {94AD6B58-80E5-4C48-8196-57A1BCA84286}
	EndGlobalSection
EndGlobal
